
Microsoft Visual Studio Solution File, Format Version 12.00
# Visual Studio Version 16
VisualStudioVersion = 25.0.1706.4
MinimumVisualStudioVersion = 10.0.40219.1
Project("{FAE04EC0-301F-11D3-BF4B-00C04F79EFBC}") = "oct-6-4", "oct-6-4\oct-6-4.csproj", "{969FB8D0-3B44-4EFE-8D69-A9C619685224}"
EndProject
Global
	GlobalSection(SolutionConfigurationPlatforms) = preSolution
		Debug|Any CPU = Debug|Any CPU
		Release|Any CPU = Release|Any CPU
	EndGlobalSection
	GlobalSection(ProjectConfigurationPlatforms) = postSolution
		{969FB8D0-3B44-4EFE-8D69-A9C619685224}.Debug|Any CPU.ActiveCfg = Debug|Any CPU
		{969FB8D0-3B44-4EFE-8D69-A9C619685224}.Debug|Any CPU.Build.0 = Debug|Any CPU
		{969FB8D0-3B44-4EFE-8D69-A9C619685224}.Release|Any CPU.ActiveCfg = Release|Any CPU
		{969FB8D0-3B44-4EFE-8D69-A9C619685224}.Release|Any CPU.Build.0 = Release|Any CPU
	EndGlobalSection
	GlobalSection(SolutionProperties) = preSolution
		HideSolutionNode = FALSE
	EndGlobalSection
	GlobalSection(ExtensibilityGlobals) = postSolution
		SolutionGuid = {FB1561B8-58F1-4865-A569-731FA15AE3AC}
	EndGlobalSection
EndGlobal
