
Microsoft Visual Studio Solution File, Format Version 12.00
# Visual Studio Version 16
VisualStudioVersion = 25.0.1706.4
MinimumVisualStudioVersion = 10.0.40219.1
Project("{FAE04EC0-301F-11D3-BF4B-00C04F79EFBC}") = "faktorialis", "faktorialis\faktorialis.csproj", "{502BDB17-8E46-4628-8416-9425E5DC5D31}"
EndProject
Global
	GlobalSection(SolutionConfigurationPlatforms) = preSolution
		Debug|Any CPU = Debug|Any CPU
		Release|Any CPU = Release|Any CPU
	EndGlobalSection
	GlobalSection(ProjectConfigurationPlatforms) = postSolution
		{502BDB17-8E46-4628-8416-9425E5DC5D31}.Debug|Any CPU.ActiveCfg = Debug|Any CPU
		{502BDB17-8E46-4628-8416-9425E5DC5D31}.Debug|Any CPU.Build.0 = Debug|Any CPU
		{502BDB17-8E46-4628-8416-9425E5DC5D31}.Release|Any CPU.ActiveCfg = Release|Any CPU
		{502BDB17-8E46-4628-8416-9425E5DC5D31}.Release|Any CPU.Build.0 = Release|Any CPU
	EndGlobalSection
	GlobalSection(SolutionProperties) = preSolution
		HideSolutionNode = FALSE
	EndGlobalSection
	GlobalSection(ExtensibilityGlobals) = postSolution
		SolutionGuid = {54C38B8D-F393-4360-B616-0B4035F331E8}
	EndGlobalSection
EndGlobal
