
Microsoft Visual Studio Solution File, Format Version 12.00
# Visual Studio Version 16
VisualStudioVersion = 25.0.1706.4
MinimumVisualStudioVersion = 10.0.40219.1
Project("{FAE04EC0-301F-11D3-BF4B-00C04F79EFBC}") = "1a--5", "1a--5\1a--5.csproj", "{61F96452-7F46-4871-AA82-E738AD0F0E7E}"
EndProject
Global
	GlobalSection(SolutionConfigurationPlatforms) = preSolution
		Debug|Any CPU = Debug|Any CPU
		Release|Any CPU = Release|Any CPU
	EndGlobalSection
	GlobalSection(ProjectConfigurationPlatforms) = postSolution
		{61F96452-7F46-4871-AA82-E738AD0F0E7E}.Debug|Any CPU.ActiveCfg = Debug|Any CPU
		{61F96452-7F46-4871-AA82-E738AD0F0E7E}.Debug|Any CPU.Build.0 = Debug|Any CPU
		{61F96452-7F46-4871-AA82-E738AD0F0E7E}.Release|Any CPU.ActiveCfg = Release|Any CPU
		{61F96452-7F46-4871-AA82-E738AD0F0E7E}.Release|Any CPU.Build.0 = Release|Any CPU
	EndGlobalSection
	GlobalSection(SolutionProperties) = preSolution
		HideSolutionNode = FALSE
	EndGlobalSection
	GlobalSection(ExtensibilityGlobals) = postSolution
		SolutionGuid = {CD11D7E2-AC6C-4FED-A771-A281CD343291}
	EndGlobalSection
EndGlobal
