
Microsoft Visual Studio Solution File, Format Version 12.00
# Visual Studio Version 16
VisualStudioVersion = 25.0.1706.4
MinimumVisualStudioVersion = 10.0.40219.1
Project("{FAE04EC0-301F-11D3-BF4B-00C04F79EFBC}") = "nevsorbanNovekvoMagassag", "nevsorbanNovekvoMagassag\nevsorbanNovekvoMagassag.csproj", "{2EA90D27-B998-4372-AEE9-26E7904D543A}"
EndProject
Global
	GlobalSection(SolutionConfigurationPlatforms) = preSolution
		Debug|Any CPU = Debug|Any CPU
		Release|Any CPU = Release|Any CPU
	EndGlobalSection
	GlobalSection(ProjectConfigurationPlatforms) = postSolution
		{2EA90D27-B998-4372-AEE9-26E7904D543A}.Debug|Any CPU.ActiveCfg = Debug|Any CPU
		{2EA90D27-B998-4372-AEE9-26E7904D543A}.Debug|Any CPU.Build.0 = Debug|Any CPU
		{2EA90D27-B998-4372-AEE9-26E7904D543A}.Release|Any CPU.ActiveCfg = Release|Any CPU
		{2EA90D27-B998-4372-AEE9-26E7904D543A}.Release|Any CPU.Build.0 = Release|Any CPU
	EndGlobalSection
	GlobalSection(SolutionProperties) = preSolution
		HideSolutionNode = FALSE
	EndGlobalSection
	GlobalSection(ExtensibilityGlobals) = postSolution
		SolutionGuid = {E70205DA-A0CE-4AC3-8D7A-7B5BD5CBD534}
	EndGlobalSection
EndGlobal
