
Microsoft Visual Studio Solution File, Format Version 12.00
# Visual Studio Version 16
VisualStudioVersion = 25.0.1706.6
MinimumVisualStudioVersion = 10.0.40219.1
Project("{FAE04EC0-301F-11D3-BF4B-00C04F79EFBC}") = "Beadando_2_code", "Beadando_2_code\Beadando_2_code.csproj", "{70B06A89-A9D9-432B-BE3F-13C78959DE78}"
EndProject
Global
	GlobalSection(SolutionConfigurationPlatforms) = preSolution
		Debug|Any CPU = Debug|Any CPU
		Release|Any CPU = Release|Any CPU
	EndGlobalSection
	GlobalSection(ProjectConfigurationPlatforms) = postSolution
		{70B06A89-A9D9-432B-BE3F-13C78959DE78}.Debug|Any CPU.ActiveCfg = Debug|Any CPU
		{70B06A89-A9D9-432B-BE3F-13C78959DE78}.Debug|Any CPU.Build.0 = Debug|Any CPU
		{70B06A89-A9D9-432B-BE3F-13C78959DE78}.Release|Any CPU.ActiveCfg = Release|Any CPU
		{70B06A89-A9D9-432B-BE3F-13C78959DE78}.Release|Any CPU.Build.0 = Release|Any CPU
	EndGlobalSection
	GlobalSection(SolutionProperties) = preSolution
		HideSolutionNode = FALSE
	EndGlobalSection
	GlobalSection(ExtensibilityGlobals) = postSolution
		SolutionGuid = {75CB2CBB-8AB9-48EE-BD09-1467A4B011C0}
	EndGlobalSection
EndGlobal
