
Microsoft Visual Studio Solution File, Format Version 12.00
# Visual Studio Version 16
VisualStudioVersion = 25.0.1706.4
MinimumVisualStudioVersion = 10.0.40219.1
Project("{FAE04EC0-301F-11D3-BF4B-00C04F79EFBC}") = "oct-6-1", "oct-6-1\oct-6-1.csproj", "{58A6F4DC-2635-47E8-A885-DA68EF822435}"
EndProject
Global
	GlobalSection(SolutionConfigurationPlatforms) = preSolution
		Debug|Any CPU = Debug|Any CPU
		Release|Any CPU = Release|Any CPU
	EndGlobalSection
	GlobalSection(ProjectConfigurationPlatforms) = postSolution
		{58A6F4DC-2635-47E8-A885-DA68EF822435}.Debug|Any CPU.ActiveCfg = Debug|Any CPU
		{58A6F4DC-2635-47E8-A885-DA68EF822435}.Debug|Any CPU.Build.0 = Debug|Any CPU
		{58A6F4DC-2635-47E8-A885-DA68EF822435}.Release|Any CPU.ActiveCfg = Release|Any CPU
		{58A6F4DC-2635-47E8-A885-DA68EF822435}.Release|Any CPU.Build.0 = Release|Any CPU
	EndGlobalSection
	GlobalSection(SolutionProperties) = preSolution
		HideSolutionNode = FALSE
	EndGlobalSection
	GlobalSection(ExtensibilityGlobals) = postSolution
		SolutionGuid = {855E5473-64C1-4F14-9FB0-2CA8B5EC3269}
	EndGlobalSection
EndGlobal
