
Microsoft Visual Studio Solution File, Format Version 12.00
# Visual Studio Version 16
VisualStudioVersion = 25.0.1706.5
MinimumVisualStudioVersion = 10.0.40219.1
Project("{FAE04EC0-301F-11D3-BF4B-00C04F79EFBC}") = "Beadando-1-code", "Beadando-1-code\Beadando-1-code.csproj", "{AEBC921E-4D67-4550-A661-F04706C01180}"
EndProject
Global
	GlobalSection(SolutionConfigurationPlatforms) = preSolution
		Debug|Any CPU = Debug|Any CPU
		Release|Any CPU = Release|Any CPU
	EndGlobalSection
	GlobalSection(ProjectConfigurationPlatforms) = postSolution
		{AEBC921E-4D67-4550-A661-F04706C01180}.Debug|Any CPU.ActiveCfg = Debug|Any CPU
		{AEBC921E-4D67-4550-A661-F04706C01180}.Debug|Any CPU.Build.0 = Debug|Any CPU
		{AEBC921E-4D67-4550-A661-F04706C01180}.Release|Any CPU.ActiveCfg = Release|Any CPU
		{AEBC921E-4D67-4550-A661-F04706C01180}.Release|Any CPU.Build.0 = Release|Any CPU
	EndGlobalSection
	GlobalSection(SolutionProperties) = preSolution
		HideSolutionNode = FALSE
	EndGlobalSection
	GlobalSection(ExtensibilityGlobals) = postSolution
		SolutionGuid = {7D68F02F-3392-4538-BE3F-D80830779854}
	EndGlobalSection
EndGlobal
