
Microsoft Visual Studio Solution File, Format Version 12.00
# Visual Studio Version 16
VisualStudioVersion = 25.0.1706.7
MinimumVisualStudioVersion = 10.0.40219.1
Project("{FAE04EC0-301F-11D3-BF4B-00C04F79EFBC}") = "Komplex_F_1", "Komplex_F_1\Komplex_F_1.csproj", "{61FC6798-E2F3-41F6-8E6F-FEA513FD3BAC}"
EndProject
Global
	GlobalSection(SolutionConfigurationPlatforms) = preSolution
		Debug|Any CPU = Debug|Any CPU
		Release|Any CPU = Release|Any CPU
	EndGlobalSection
	GlobalSection(ProjectConfigurationPlatforms) = postSolution
		{61FC6798-E2F3-41F6-8E6F-FEA513FD3BAC}.Debug|Any CPU.ActiveCfg = Debug|Any CPU
		{61FC6798-E2F3-41F6-8E6F-FEA513FD3BAC}.Debug|Any CPU.Build.0 = Debug|Any CPU
		{61FC6798-E2F3-41F6-8E6F-FEA513FD3BAC}.Release|Any CPU.ActiveCfg = Release|Any CPU
		{61FC6798-E2F3-41F6-8E6F-FEA513FD3BAC}.Release|Any CPU.Build.0 = Release|Any CPU
	EndGlobalSection
	GlobalSection(SolutionProperties) = preSolution
		HideSolutionNode = FALSE
	EndGlobalSection
	GlobalSection(ExtensibilityGlobals) = postSolution
		SolutionGuid = {904DFA26-5F23-46B7-9BCD-7CD559824403}
	EndGlobalSection
EndGlobal
