
Microsoft Visual Studio Solution File, Format Version 12.00
# Visual Studio Version 16
VisualStudioVersion = 25.0.1706.6
MinimumVisualStudioVersion = 10.0.40219.1
Project("{FAE04EC0-301F-11D3-BF4B-00C04F79EFBC}") = "Helysegek_mindenfele_madarral", "Mindenhol_elofordulo_madarfajok\Helysegek_mindenfele_madarral.csproj", "{7C8670F3-4C90-4295-936A-9BA9CBDC12BC}"
EndProject
Global
	GlobalSection(SolutionConfigurationPlatforms) = preSolution
		Debug|Any CPU = Debug|Any CPU
		Release|Any CPU = Release|Any CPU
	EndGlobalSection
	GlobalSection(ProjectConfigurationPlatforms) = postSolution
		{7C8670F3-4C90-4295-936A-9BA9CBDC12BC}.Debug|Any CPU.ActiveCfg = Debug|Any CPU
		{7C8670F3-4C90-4295-936A-9BA9CBDC12BC}.Debug|Any CPU.Build.0 = Debug|Any CPU
		{7C8670F3-4C90-4295-936A-9BA9CBDC12BC}.Release|Any CPU.ActiveCfg = Release|Any CPU
		{7C8670F3-4C90-4295-936A-9BA9CBDC12BC}.Release|Any CPU.Build.0 = Release|Any CPU
	EndGlobalSection
	GlobalSection(SolutionProperties) = preSolution
		HideSolutionNode = FALSE
	EndGlobalSection
	GlobalSection(ExtensibilityGlobals) = postSolution
		SolutionGuid = {D33F5521-F7B4-4895-8D7E-BE836B9D3E24}
	EndGlobalSection
EndGlobal
